
Microsoft Visual Studio Solution File, Format Version 12.00
# Visual Studio 2013
VisualStudioVersion = 12.0.31101.0
MinimumVisualStudioVersion = 10.0.40219.1
Project("{FAE04EC0-301F-11D3-BF4B-00C04F79EFBC}") = "Main", "Main\Main.csproj", "{B3F476F9-3AB5-4F16-832F-F5427212E2DF}"
EndProject
Project("{FAE04EC0-301F-11D3-BF4B-00C04F79EFBC}") = "Poker", "Poker\Poker.csproj", "{71FD5C5A-7F9A-48AC-A8D1-94FC19A98003}"
EndProject
Project("{FAE04EC0-301F-11D3-BF4B-00C04F79EFBC}") = "Tests", "Tests\Tests.csproj", "{16C7FA07-102F-4677-9BF4-0948F6B3BA70}"
EndProject
Global
	GlobalSection(SolutionConfigurationPlatforms) = preSolution
		Debug|Any CPU = Debug|Any CPU
		Release|Any CPU = Release|Any CPU
	EndGlobalSection
	GlobalSection(ProjectConfigurationPlatforms) = postSolution
		{B3F476F9-3AB5-4F16-832F-F5427212E2DF}.Debug|Any CPU.ActiveCfg = Debug|Any CPU
		{B3F476F9-3AB5-4F16-832F-F5427212E2DF}.Debug|Any CPU.Build.0 = Debug|Any CPU
		{B3F476F9-3AB5-4F16-832F-F5427212E2DF}.Release|Any CPU.ActiveCfg = Release|Any CPU
		{B3F476F9-3AB5-4F16-832F-F5427212E2DF}.Release|Any CPU.Build.0 = Release|Any CPU
		{71FD5C5A-7F9A-48AC-A8D1-94FC19A98003}.Debug|Any CPU.ActiveCfg = Debug|Any CPU
		{71FD5C5A-7F9A-48AC-A8D1-94FC19A98003}.Debug|Any CPU.Build.0 = Debug|Any CPU
		{71FD5C5A-7F9A-48AC-A8D1-94FC19A98003}.Release|Any CPU.ActiveCfg = Release|Any CPU
		{71FD5C5A-7F9A-48AC-A8D1-94FC19A98003}.Release|Any CPU.Build.0 = Release|Any CPU
		{16C7FA07-102F-4677-9BF4-0948F6B3BA70}.Debug|Any CPU.ActiveCfg = Debug|Any CPU
		{16C7FA07-102F-4677-9BF4-0948F6B3BA70}.Debug|Any CPU.Build.0 = Debug|Any CPU
		{16C7FA07-102F-4677-9BF4-0948F6B3BA70}.Release|Any CPU.ActiveCfg = Release|Any CPU
		{16C7FA07-102F-4677-9BF4-0948F6B3BA70}.Release|Any CPU.Build.0 = Release|Any CPU
	EndGlobalSection
	GlobalSection(SolutionProperties) = preSolution
		HideSolutionNode = FALSE
	EndGlobalSection
EndGlobal
